
Microsoft Visual Studio Solution File, Format Version 12.00
# Visual Studio Version 16
VisualStudioVersion = 16.0.31729.503
MinimumVisualStudioVersion = 10.0.40219.1
Project("{9A19103F-16F7-4668-BE54-9A1E7A4F7556}") = "Lesson1", "Lesson1\Lesson1.csproj", "{677689D7-136B-4FAF-B072-A51310A683FE}"
EndProject
Project("{9A19103F-16F7-4668-BE54-9A1E7A4F7556}") = "Lesson2", "Lesson2\Lesson2.csproj", "{470F5C7C-3E6F-4E13-A56F-B74F6B664BC1}"
EndProject
Project("{9A19103F-16F7-4668-BE54-9A1E7A4F7556}") = "Lesson3", "Lesson3\Lesson3.csproj", "{9EF7E7F1-2887-438F-A49B-AA65CE8CF5F3}"
EndProject
Project("{9A19103F-16F7-4668-BE54-9A1E7A4F7556}") = "Lesson4", "Lesson4\Lesson4.csproj", "{DD5216AE-2E8B-4A64-B1DE-9D57DED55EAD}"
EndProject
Project("{9A19103F-16F7-4668-BE54-9A1E7A4F7556}") = "Lesson5", "Lesson5\Lesson5.csproj", "{392F3699-1D22-4805-B673-10660F5C0F3E}"
EndProject
Project("{9A19103F-16F7-4668-BE54-9A1E7A4F7556}") = "Lesson6", "Lesson6\Lesson6.csproj", "{EF9492E4-F551-42D8-96DB-4FECFCFB1950}"
EndProject
Global
	GlobalSection(SolutionConfigurationPlatforms) = preSolution
		Debug|Any CPU = Debug|Any CPU
		Release|Any CPU = Release|Any CPU
	EndGlobalSection
	GlobalSection(ProjectConfigurationPlatforms) = postSolution
		{677689D7-136B-4FAF-B072-A51310A683FE}.Debug|Any CPU.ActiveCfg = Debug|Any CPU
		{677689D7-136B-4FAF-B072-A51310A683FE}.Debug|Any CPU.Build.0 = Debug|Any CPU
		{677689D7-136B-4FAF-B072-A51310A683FE}.Release|Any CPU.ActiveCfg = Release|Any CPU
		{677689D7-136B-4FAF-B072-A51310A683FE}.Release|Any CPU.Build.0 = Release|Any CPU
		{470F5C7C-3E6F-4E13-A56F-B74F6B664BC1}.Debug|Any CPU.ActiveCfg = Debug|Any CPU
		{470F5C7C-3E6F-4E13-A56F-B74F6B664BC1}.Debug|Any CPU.Build.0 = Debug|Any CPU
		{470F5C7C-3E6F-4E13-A56F-B74F6B664BC1}.Release|Any CPU.ActiveCfg = Release|Any CPU
		{470F5C7C-3E6F-4E13-A56F-B74F6B664BC1}.Release|Any CPU.Build.0 = Release|Any CPU
		{9EF7E7F1-2887-438F-A49B-AA65CE8CF5F3}.Debug|Any CPU.ActiveCfg = Debug|Any CPU
		{9EF7E7F1-2887-438F-A49B-AA65CE8CF5F3}.Debug|Any CPU.Build.0 = Debug|Any CPU
		{9EF7E7F1-2887-438F-A49B-AA65CE8CF5F3}.Release|Any CPU.ActiveCfg = Release|Any CPU
		{9EF7E7F1-2887-438F-A49B-AA65CE8CF5F3}.Release|Any CPU.Build.0 = Release|Any CPU
		{DD5216AE-2E8B-4A64-B1DE-9D57DED55EAD}.Debug|Any CPU.ActiveCfg = Debug|Any CPU
		{DD5216AE-2E8B-4A64-B1DE-9D57DED55EAD}.Debug|Any CPU.Build.0 = Debug|Any CPU
		{DD5216AE-2E8B-4A64-B1DE-9D57DED55EAD}.Release|Any CPU.ActiveCfg = Release|Any CPU
		{DD5216AE-2E8B-4A64-B1DE-9D57DED55EAD}.Release|Any CPU.Build.0 = Release|Any CPU
		{392F3699-1D22-4805-B673-10660F5C0F3E}.Debug|Any CPU.ActiveCfg = Debug|Any CPU
		{392F3699-1D22-4805-B673-10660F5C0F3E}.Debug|Any CPU.Build.0 = Debug|Any CPU
		{392F3699-1D22-4805-B673-10660F5C0F3E}.Release|Any CPU.ActiveCfg = Release|Any CPU
		{392F3699-1D22-4805-B673-10660F5C0F3E}.Release|Any CPU.Build.0 = Release|Any CPU
		{EF9492E4-F551-42D8-96DB-4FECFCFB1950}.Debug|Any CPU.ActiveCfg = Debug|Any CPU
		{EF9492E4-F551-42D8-96DB-4FECFCFB1950}.Debug|Any CPU.Build.0 = Debug|Any CPU
		{EF9492E4-F551-42D8-96DB-4FECFCFB1950}.Release|Any CPU.ActiveCfg = Release|Any CPU
		{EF9492E4-F551-42D8-96DB-4FECFCFB1950}.Release|Any CPU.Build.0 = Release|Any CPU
	EndGlobalSection
	GlobalSection(SolutionProperties) = preSolution
		HideSolutionNode = FALSE
	EndGlobalSection
	GlobalSection(ExtensibilityGlobals) = postSolution
		SolutionGuid = {C9A35C61-323C-42A3-A4C1-3B5E5ABE1DA9}
	EndGlobalSection
EndGlobal
