
Microsoft Visual Studio Solution File, Format Version 12.00
# Visual Studio Version 16
VisualStudioVersion = 16.0.31729.503
MinimumVisualStudioVersion = 10.0.40219.1
Project("{FAE04EC0-301F-11D3-BF4B-00C04F79EFBC}") = "Lesson6", "Lesson6\Lesson6.csproj", "{C78E40E8-A97E-43E9-BB89-953DCB8C406E}"
EndProject
Global
	GlobalSection(SolutionConfigurationPlatforms) = preSolution
		Debug|Any CPU = Debug|Any CPU
		Release|Any CPU = Release|Any CPU
	EndGlobalSection
	GlobalSection(ProjectConfigurationPlatforms) = postSolution
		{C78E40E8-A97E-43E9-BB89-953DCB8C406E}.Debug|Any CPU.ActiveCfg = Debug|Any CPU
		{C78E40E8-A97E-43E9-BB89-953DCB8C406E}.Debug|Any CPU.Build.0 = Debug|Any CPU
		{C78E40E8-A97E-43E9-BB89-953DCB8C406E}.Release|Any CPU.ActiveCfg = Release|Any CPU
		{C78E40E8-A97E-43E9-BB89-953DCB8C406E}.Release|Any CPU.Build.0 = Release|Any CPU
	EndGlobalSection
	GlobalSection(SolutionProperties) = preSolution
		HideSolutionNode = FALSE
	EndGlobalSection
	GlobalSection(ExtensibilityGlobals) = postSolution
		SolutionGuid = {0DA30CA6-AB6D-469D-A186-219DA7E2CDE8}
	EndGlobalSection
EndGlobal
